// !$*UTF8*$!
{
	archiveVersion = 1;
	classes = {
	};
	objectVersion = 46;
	objects = {

/* Begin PBXBuildFile section */
		259E6A611AAA867C00B9D324 /* AppDelegate.swift in Sources */ = {isa = PBXBuildFile; fileRef = 259E6A601AAA867C00B9D324 /* AppDelegate.swift */; };
		259E6A631AAA867C00B9D324 /* ViewController.swift in Sources */ = {isa = PBXBuildFile; fileRef = 259E6A621AAA867C00B9D324 /* ViewController.swift */; };
		259E6A661AAA867C00B9D324 /* Main.storyboard in Resources */ = {isa = PBXBuildFile; fileRef = 259E6A641AAA867C00B9D324 /* Main.storyboard */; };
		259E6A681AAA867C00B9D324 /* Images.xcassets in Resources */ = {isa = PBXBuildFile; fileRef = 259E6A671AAA867C00B9D324 /* Images.xcassets */; };
		259E6A6B1AAA867C00B9D324 /* LaunchScreen.xib in Resources */ = {isa = PBXBuildFile; fileRef = 259E6A691AAA867C00B9D324 /* LaunchScreen.xib */; };
		259E6A771AAA867C00B9D324 /* iLife_DieTests.swift in Sources */ = {isa = PBXBuildFile; fileRef = 259E6A761AAA867C00B9D324 /* iLife_DieTests.swift */; };
/* End PBXBuildFile section */

/* Begin PBXContainerItemProxy section */
		259E6A711AAA867C00B9D324 /* PBXContainerItemProxy */ = {
			isa = PBXContainerItemProxy;
			containerPortal = 259E6A531AAA867C00B9D324 /* Project object */;
			proxyType = 1;
			remoteGlobalIDString = 259E6A5A1AAA867C00B9D324;
			remoteInfo = "iLife Die";
		};
/* End PBXContainerItemProxy section */

/* Begin PBXFileReference section */
		259E6A5B1AAA867C00B9D324 /* iLife Die.app */ = {isa = PBXFileReference; explicitFileType = wrapper.application; includeInIndex = 0; path = "iLife Die.app"; sourceTree = BUILT_PRODUCTS_DIR; };
		259E6A5F1AAA867C00B9D324 /* Info.plist */ = {isa = PBXFileReference; lastKnownFileType = text.plist.xml; path = Info.plist; sourceTree = "<group>"; };
		259E6A601AAA867C00B9D324 /* AppDelegate.swift */ = {isa = PBXFileReference; lastKnownFileType = sourcecode.swift; path = AppDelegate.swift; sourceTree = "<group>"; };
		259E6A621AAA867C00B9D324 /* ViewController.swift */ = {isa = PBXFileReference; lastKnownFileType = sourcecode.swift; path = ViewController.swift; sourceTree = "<group>"; };
		259E6A651AAA867C00B9D324 /* Base */ = {isa = PBXFileReference; lastKnownFileType = file.storyboard; name = Base; path = Base.lproj/Main.storyboard; sourceTree = "<group>"; };
		259E6A671AAA867C00B9D324 /* Images.xcassets */ = {isa = PBXFileReference; lastKnownFileType = folder.assetcatalog; path = Images.xcassets; sourceTree = "<group>"; };
		259E6A6A1AAA867C00B9D324 /* Base */ = {isa = PBXFileReference; lastKnownFileType = file.xib; name = Base; path = Base.lproj/LaunchScreen.xib; sourceTree = "<group>"; };
		259E6A701AAA867C00B9D324 /* iLife DieTests.xctest */ = {isa = PBXFileReference; explicitFileType = wrapper.cfbundle; includeInIndex = 0; path = "iLife DieTests.xctest"; sourceTree = BUILT_PRODUCTS_DIR; };
		259E6A751AAA867C00B9D324 /* Info.plist */ = {isa = PBXFileReference; lastKnownFileType = text.plist.xml; path = Info.plist; sourceTree = "<group>"; };
		259E6A761AAA867C00B9D324 /* iLife_DieTests.swift */ = {isa = PBXFileReference; lastKnownFileType = sourcecode.swift; path = iLife_DieTests.swift; sourceTree = "<group>"; };
/* End PBXFileReference section */

/* Begin PBXFrameworksBuildPhase section */
		259E6A581AAA867C00B9D324 /* Frameworks */ = {
			isa = PBXFrameworksBuildPhase;
			buildActionMask = 2147483647;
			files = (
			);
			runOnlyForDeploymentPostprocessing = 0;
		};
		259E6A6D1AAA867C00B9D324 /* Frameworks */ = {
			isa = PBXFrameworksBuildPhase;
			buildActionMask = 2147483647;
			files = (
			);
			runOnlyForDeploymentPostprocessing = 0;
		};
/* End PBXFrameworksBuildPhase section */

/* Begin PBXGroup section */
		259E6A521AAA867C00B9D324 = {
			isa = PBXGroup;
			children = (
				259E6A5D1AAA867C00B9D324 /* iLife Die */,
				259E6A731AAA867C00B9D324 /* iLife DieTests */,
				259E6A5C1AAA867C00B9D324 /* Products */,
			);
			sourceTree = "<group>";
		};
		259E6A5C1AAA867C00B9D324 /* Products */ = {
			isa = PBXGroup;
			children = (
				259E6A5B1AAA867C00B9D324 /* iLife Die.app */,
				259E6A701AAA867C00B9D324 /* iLife DieTests.xctest */,
			);
			name = Products;
			sourceTree = "<group>";
		};
		259E6A5D1AAA867C00B9D324 /* iLife Die */ = {
			isa = PBXGroup;
			children = (
				259E6A601AAA867C00B9D324 /* AppDelegate.swift */,
				259E6A621AAA867C00B9D324 /* ViewController.swift */,
				259E6A641AAA867C00B9D324 /* Main.storyboard */,
				259E6A671AAA867C00B9D324 /* Images.xcassets */,
				259E6A691AAA867C00B9D324 /* LaunchScreen.xib */,
				259E6A5E1AAA867C00B9D324 /* Supporting Files */,
			);
			path = "iLife Die";
			sourceTree = "<group>";
		};
		259E6A5E1AAA867C00B9D324 /* Supporting Files */ = {
			isa = PBXGroup;
			children = (
				259E6A5F1AAA867C00B9D324 /* Info.plist */,
			);
			name = "Supporting Files";
			sourceTree = "<group>";
		};
		259E6A731AAA867C00B9D324 /* iLife DieTests */ = {
			isa = PBXGroup;
			children = (
				259E6A761AAA867C00B9D324 /* iLife_DieTests.swift */,
				259E6A741AAA867C00B9D324 /* Supporting Files */,
			);
			path = "iLife DieTests";
			sourceTree = "<group>";
		};
		259E6A741AAA867C00B9D324 /* Supporting Files */ = {
			isa = PBXGroup;
			children = (
				259E6A751AAA867C00B9D324 /* Info.plist */,
			);
			name = "Supporting Files";
			sourceTree = "<group>";
		};
/* End PBXGroup section */

/* Begin PBXNativeTarget section */
		259E6A5A1AAA867C00B9D324 /* iLife Die */ = {
			isa = PBXNativeTarget;
			buildConfigurationList = 259E6A7A1AAA867C00B9D324 /* Build configuration list for PBXNativeTarget "iLife Die" */;
			buildPhases = (
				259E6A571AAA867C00B9D324 /* Sources */,
				259E6A581AAA867C00B9D324 /* Frameworks */,
				259E6A591AAA867C00B9D324 /* Resources */,
			);
			buildRules = (
			);
			dependencies = (
			);
			name = "iLife Die";
			productName = "iLife Die";
			productReference = 259E6A5B1AAA867C00B9D324 /* iLife Die.app */;
			productType = "com.apple.product-type.application";
		};
		259E6A6F1AAA867C00B9D324 /* iLife DieTests */ = {
			isa = PBXNativeTarget;
			buildConfigurationList = 259E6A7D1AAA867C00B9D324 /* Build configuration list for PBXNativeTarget "iLife DieTests" */;
			buildPhases = (
				259E6A6C1AAA867C00B9D324 /* Sources */,
				259E6A6D1AAA867C00B9D324 /* Frameworks */,
				259E6A6E1AAA867C00B9D324 /* Resources */,
			);
			buildRules = (
			);
			dependencies = (
				259E6A721AAA867C00B9D324 /* PBXTargetDependency */,
			);
			name = "iLife DieTests";
			productName = "iLife DieTests";
			productReference = 259E6A701AAA867C00B9D324 /* iLife DieTests.xctest */;
			productType = "com.apple.product-type.bundle.unit-test";
		};
/* End PBXNativeTarget section */

/* Begin PBXProject section */
		259E6A531AAA867C00B9D324 /* Project object */ = {
			isa = PBXProject;
			attributes = {
				LastUpgradeCheck = 0610;
				ORGANIZATIONNAME = Posa;
				TargetAttributes = {
					259E6A5A1AAA867C00B9D324 = {
						CreatedOnToolsVersion = 6.1.1;
					};
					259E6A6F1AAA867C00B9D324 = {
						CreatedOnToolsVersion = 6.1.1;
						TestTargetID = 259E6A5A1AAA867C00B9D324;
					};
				};
			};
			buildConfigurationList = 259E6A561AAA867C00B9D324 /* Build configuration list for PBXProject "iLife Die" */;
			compatibilityVersion = "Xcode 3.2";
			developmentRegion = English;
			hasScannedForEncodings = 0;
			knownRegions = (
				en,
				Base,
			);
			mainGroup = 259E6A521AAA867C00B9D324;
			productRefGroup = 259E6A5C1AAA867C00B9D324 /* Products */;
			projectDirPath = "";
			projectRoot = "";
			targets = (
				259E6A5A1AAA867C00B9D324 /* iLife Die */,
				259E6A6F1AAA867C00B9D324 /* iLife DieTests */,
			);
		};
/* End PBXProject section */

/* Begin PBXResourcesBuildPhase section */
		259E6A591AAA867C00B9D324 /* Resources */ = {
			isa = PBXResourcesBuildPhase;
			buildActionMask = 2147483647;
			files = (
				259E6A661AAA867C00B9D324 /* Main.storyboard in Resources */,
				259E6A6B1AAA867C00B9D324 /* LaunchScreen.xib in Resources */,
				259E6A681AAA867C00B9D324 /* Images.xcassets in Resources */,
			);
			runOnlyForDeploymentPostprocessing = 0;
		};
		259E6A6E1AAA867C00B9D324 /* Resources */ = {
			isa = PBXResourcesBuildPhase;
			buildActionMask = 2147483647;
			files = (
			);
			runOnlyForDeploymentPostprocessing = 0;
		};
/* End PBXResourcesBuildPhase section */

/* Begin PBXSourcesBuildPhase section */
		259E6A571AAA867C00B9D324 /* Sources */ = {
			isa = PBXSourcesBuildPhase;
			buildActionMask = 2147483647;
			files = (
				259E6A631AAA867C00B9D324 /* ViewController.swift in Sources */,
				259E6A611AAA867C00B9D324 /* AppDelegate.swift in Sources */,
			);
			runOnlyForDeploymentPostprocessing = 0;
		};
		259E6A6C1AAA867C00B9D324 /* Sources */ = {
			isa = PBXSourcesBuildPhase;
			buildActionMask = 2147483647;
			files = (
				259E6A771AAA867C00B9D324 /* iLife_DieTests.swift in Sources */,
			);
			runOnlyForDeploymentPostprocessing = 0;
		};
/* End PBXSourcesBuildPhase section */

/* Begin PBXTargetDependency section */
		259E6A721AAA867C00B9D324 /* PBXTargetDependency */ = {
			isa = PBXTargetDependency;
			target = 259E6A5A1AAA867C00B9D324 /* iLife Die */;
			targetProxy = 259E6A711AAA867C00B9D324 /* PBXContainerItemProxy */;
		};
/* End PBXTargetDependency section */

/* Begin PBXVariantGroup section */
		259E6A641AAA867C00B9D324 /* Main.storyboard */ = {
			isa = PBXVariantGroup;
			children = (
				259E6A651AAA867C00B9D324 /* Base */,
			);
			name = Main.storyboard;
			sourceTree = "<group>";
		};
		259E6A691AAA867C00B9D324 /* LaunchScreen.xib */ = {
			isa = PBXVariantGroup;
			children = (
				259E6A6A1AAA867C00B9D324 /* Base */,
			);
			name = LaunchScreen.xib;
			sourceTree = "<group>";
		};
/* End PBXVariantGroup section */

/* Begin XCBuildConfiguration section */
		259E6A781AAA867C00B9D324 /* Debug */ = {
			isa = XCBuildConfiguration;
			buildSettings = {
				ALWAYS_SEARCH_USER_PATHS = NO;
				CLANG_CXX_LANGUAGE_STANDARD = "gnu++0x";
				CLANG_CXX_LIBRARY = "libc++";
				CLANG_ENABLE_MODULES = YES;
				CLANG_ENABLE_OBJC_ARC = YES;
				CLANG_WARN_BOOL_CONVERSION = YES;
				CLANG_WARN_CONSTANT_CONVERSION = YES;
				CLANG_WARN_DIRECT_OBJC_ISA_USAGE = YES_ERROR;
				CLANG_WARN_EMPTY_BODY = YES;
				CLANG_WARN_ENUM_CONVERSION = YES;
				CLANG_WARN_INT_CONVERSION = YES;
				CLANG_WARN_OBJC_ROOT_CLASS = YES_ERROR;
				CLANG_WARN_UNREACHABLE_CODE = YES;
				CLANG_WARN__DUPLICATE_METHOD_MATCH = YES;
				"CODE_SIGN_IDENTITY[sdk=iphoneos*]" = "iPhone Developer";
				COPY_PHASE_STRIP = NO;
				ENABLE_STRICT_OBJC_MSGSEND = YES;
				GCC_C_LANGUAGE_STANDARD = gnu99;
				GCC_DYNAMIC_NO_PIC = NO;
				GCC_OPTIMIZATION_LEVEL = 0;
				GCC_PREPROCESSOR_DEFINITIONS = (
					"DEBUG=1",
					"$(inherited)",
				);
				GCC_SYMBOLS_PRIVATE_EXTERN = NO;
				GCC_WARN_64_TO_32_BIT_CONVERSION = YES;
				GCC_WARN_ABOUT_RETURN_TYPE = YES_ERROR;
				GCC_WARN_UNDECLARED_SELECTOR = YES;
				GCC_WARN_UNINITIALIZED_AUTOS = YES_AGGRESSIVE;
				GCC_WARN_UNUSED_FUNCTION = YES;
				GCC_WARN_UNUSED_VARIABLE = YES;
				IPHONEOS_DEPLOYMENT_TARGET = 8.1;
				MTL_ENABLE_DEBUG_INFO = YES;
				ONLY_ACTIVE_ARCH = YES;
				SDKROOT = iphoneos;
				SWIFT_OPTIMIZATION_LEVEL = "-Onone";
				TARGETED_DEVICE_FAMILY = "1,2";
			};
			name = Debug;
		};
		259E6A791AAA867C00B9D324 /* Release */ = {
			isa = XCBuildConfiguration;
			buildSettings = {
				ALWAYS_SEARCH_USER_PATHS = NO;
				CLANG_CXX_LANGUAGE_STANDARD = "gnu++0x";
				CLANG_CXX_LIBRARY = "libc++";
				CLANG_ENABLE_MODULES = YES;
				CLANG_ENABLE_OBJC_ARC = YES;
				CLANG_WARN_BOOL_CONVERSION = YES;
				CLANG_WARN_CONSTANT_CONVERSION = YES;
				CLANG_WARN_DIRECT_OBJC_ISA_USAGE = YES_ERROR;
				CLANG_WARN_EMPTY_BODY = YES;
				CLANG_WARN_ENUM_CONVERSION = YES;
				CLANG_WARN_INT_CONVERSION = YES;
				CLANG_WARN_OBJC_ROOT_CLASS = YES_ERROR;
				CLANG_WARN_UNREACHABLE_CODE = YES;
				CLANG_WARN__DUPLICATE_METHOD_MATCH = YES;
				"CODE_SIGN_IDENTITY[sdk=iphoneos*]" = "iPhone Developer";
				COPY_PHASE_STRIP = YES;
				ENABLE_NS_ASSERTIONS = NO;
				ENABLE_STRICT_OBJC_MSGSEND = YES;
				GCC_C_LANGUAGE_STANDARD = gnu99;
				GCC_WARN_64_TO_32_BIT_CONVERSION = YES;
				GCC_WARN_ABOUT_RETURN_TYPE = YES_ERROR;
				GCC_WARN_UNDECLARED_SELECTOR = YES;
				GCC_WARN_UNINITIALIZED_AUTOS = YES_AGGRESSIVE;
				GCC_WARN_UNUSED_FUNCTION = YES;
				GCC_WARN_UNUSED_VARIABLE = YES;
				IPHONEOS_DEPLOYMENT_TARGET = 8.1;
				MTL_ENABLE_DEBUG_INFO = NO;
				SDKROOT = iphoneos;
				TARGETED_DEVICE_FAMILY = "1,2";
				VALIDATE_PRODUCT = YES;
			};
			name = Release;
		};
		259E6A7B1AAA867C00B9D324 /* Debug */ = {
			isa = XCBuildConfiguration;
			buildSettings = {
				ASSETCATALOG_COMPILER_APPICON_NAME = AppIcon;
				INFOPLIST_FILE = "iLife Die/Info.plist";
				LD_RUNPATH_SEARCH_PATHS = "$(inherited) @executable_path/Frameworks";
				PRODUCT_NAME = "$(TARGET_NAME)";
			};
			name = Debug;
		};
		259E6A7C1AAA867C00B9D324 /* Release */ = {
			isa = XCBuildConfiguration;
			buildSettings = {
				ASSETCATALOG_COMPILER_APPICON_NAME = AppIcon;
				INFOPLIST_FILE = "iLife Die/Info.plist";
				LD_RUNPATH_SEARCH_PATHS = "$(inherited) @executable_path/Frameworks";
				PRODUCT_NAME = "$(TARGET_NAME)";
			};
			name = Release;
		};
		259E6A7E1AAA867C00B9D324 /* Debug */ = {
			isa = XCBuildConfiguration;
			buildSettings = {
				BUNDLE_LOADER = "$(TEST_HOST)";
				FRAMEWORK_SEARCH_PATHS = (
					"$(SDKROOT)/Developer/Library/Frameworks",
					"$(inherited)",
				);
				GCC_PREPROCESSOR_DEFINITIONS = (
					"DEBUG=1",
					"$(inherited)",
				);
				INFOPLIST_FILE = "iLife DieTests/Info.plist";
				LD_RUNPATH_SEARCH_PATHS = "$(inherited) @executable_path/Frameworks @loader_path/Frameworks";
				PRODUCT_NAME = "$(TARGET_NAME)";
				TEST_HOST = "$(BUILT_PRODUCTS_DIR)/iLife Die.app/iLife Die";
			};
			name = Debug;
		};
		259E6A7F1AAA867C00B9D324 /* Release */ = {
			isa = XCBuildConfiguration;
			buildSettings = {
				BUNDLE_LOADER = "$(TEST_HOST)";
				FRAMEWORK_SEARCH_PATHS = (
					"$(SDKROOT)/Developer/Library/Frameworks",
					"$(inherited)",
				);
				INFOPLIST_FILE = "iLife DieTests/Info.plist";
				LD_RUNPATH_SEARCH_PATHS = "$(inherited) @executable_path/Frameworks @loader_path/Frameworks";
				PRODUCT_NAME = "$(TARGET_NAME)";
				TEST_HOST = "$(BUILT_PRODUCTS_DIR)/iLife Die.app/iLife Die";
			};
			name = Release;
		};
/* End XCBuildConfiguration section */

/* Begin XCConfigurationList section */
		259E6A561AAA867C00B9D324 /* Build configuration list for PBXProject "iLife Die" */ = {
			isa = XCConfigurationList;
			buildConfigurations = (
				259E6A781AAA867C00B9D324 /* Debug */,
				259E6A791AAA867C00B9D324 /* Release */,
			);
			defaultConfigurationIsVisible = 0;
			defaultConfigurationName = Release;
		};
		259E6A7A1AAA867C00B9D324 /* Build configuration list for PBXNativeTarget "iLife Die" */ = {
			isa = XCConfigurationList;
			buildConfigurations = (
				259E6A7B1AAA867C00B9D324 /* Debug */,
				259E6A7C1AAA867C00B9D324 /* Release */,
			);
			defaultConfigurationIsVisible = 0;
		};
		259E6A7D1AAA867C00B9D324 /* Build configuration list for PBXNativeTarget "iLife DieTests" */ = {
			isa = XCConfigurationList;
			buildConfigurations = (
				259E6A7E1AAA867C00B9D324 /* Debug */,
				259E6A7F1AAA867C00B9D324 /* Release */,
			);
			defaultConfigurationIsVisible = 0;
		};
/* End XCConfigurationList section */
	};
	rootObject = 259E6A531AAA867C00B9D324 /* Project object */;
}
